
Microsoft Visual Studio Solution File, Format Version 12.00
# Visual Studio Version 17
VisualStudioVersion = 17.8.34330.188
MinimumVisualStudioVersion = 10.0.40219.1
Project("{FAE04EC0-301F-11D3-BF4B-00C04F79EFBC}") = "cs", "cs.csproj", "{B44AA90D-01E2-4B3D-9B57-EAD75CAADF42}"
EndProject
Global
	GlobalSection(SolutionConfigurationPlatforms) = preSolution
		Debug|Any CPU = Debug|Any CPU
		Release|Any CPU = Release|Any CPU
	EndGlobalSection
	GlobalSection(ProjectConfigurationPlatforms) = postSolution
		{B44AA90D-01E2-4B3D-9B57-EAD75CAADF42}.Debug|Any CPU.ActiveCfg = Debug|Any CPU
		{B44AA90D-01E2-4B3D-9B57-EAD75CAADF42}.Debug|Any CPU.Build.0 = Debug|Any CPU
		{B44AA90D-01E2-4B3D-9B57-EAD75CAADF42}.Release|Any CPU.ActiveCfg = Release|Any CPU
		{B44AA90D-01E2-4B3D-9B57-EAD75CAADF42}.Release|Any CPU.Build.0 = Release|Any CPU
	EndGlobalSection
	GlobalSection(SolutionProperties) = preSolution
		HideSolutionNode = FALSE
	EndGlobalSection
	GlobalSection(ExtensibilityGlobals) = postSolution
		SolutionGuid = {5CBB91A5-0131-4827-AC12-2B07E566221E}
	EndGlobalSection
EndGlobal
